
Microsoft Visual Studio Solution File, Format Version 12.00
# Visual Studio Version 17
VisualStudioVersion = 17.9.34723.18
MinimumVisualStudioVersion = 10.0.40219.1
Project("{9A19103F-16F7-4668-BE54-9A1E7A4F7556}") = "EmployeeManagement.model", "EmployeeManagement.model\EmployeeManagement.model.csproj", "{DD6EADB1-EB81-4411-BCC0-F02956911DFE}"
EndProject
Project("{9A19103F-16F7-4668-BE54-9A1E7A4F7556}") = "EmployeeManagement.Web", "EmployeeManagement.Web\EmployeeManagement.Web.csproj", "{1DAEF856-2831-4B34-9672-BCC06DCE2F43}"
EndProject
Project("{9A19103F-16F7-4668-BE54-9A1E7A4F7556}") = "EmployeeManagement.Api", "EmployeeManagement.Api\EmployeeManagement.Api.csproj", "{12EEE90B-6212-47A4-B2D8-B2E703DF3CD7}"
EndProject
Project("{9A19103F-16F7-4668-BE54-9A1E7A4F7556}") = "PragimTech.Components", "PragimTech.Components\PragimTech.Components.csproj", "{E2989545-44EF-48EF-9C3D-BCEC3AEF16CE}"
EndProject
Global
	GlobalSection(SolutionConfigurationPlatforms) = preSolution
		Debug|Any CPU = Debug|Any CPU
		Release|Any CPU = Release|Any CPU
	EndGlobalSection
	GlobalSection(ProjectConfigurationPlatforms) = postSolution
		{DD6EADB1-EB81-4411-BCC0-F02956911DFE}.Debug|Any CPU.ActiveCfg = Debug|Any CPU
		{DD6EADB1-EB81-4411-BCC0-F02956911DFE}.Debug|Any CPU.Build.0 = Debug|Any CPU
		{DD6EADB1-EB81-4411-BCC0-F02956911DFE}.Release|Any CPU.ActiveCfg = Release|Any CPU
		{DD6EADB1-EB81-4411-BCC0-F02956911DFE}.Release|Any CPU.Build.0 = Release|Any CPU
		{1DAEF856-2831-4B34-9672-BCC06DCE2F43}.Debug|Any CPU.ActiveCfg = Debug|Any CPU
		{1DAEF856-2831-4B34-9672-BCC06DCE2F43}.Debug|Any CPU.Build.0 = Debug|Any CPU
		{1DAEF856-2831-4B34-9672-BCC06DCE2F43}.Release|Any CPU.ActiveCfg = Release|Any CPU
		{1DAEF856-2831-4B34-9672-BCC06DCE2F43}.Release|Any CPU.Build.0 = Release|Any CPU
		{12EEE90B-6212-47A4-B2D8-B2E703DF3CD7}.Debug|Any CPU.ActiveCfg = Debug|Any CPU
		{12EEE90B-6212-47A4-B2D8-B2E703DF3CD7}.Debug|Any CPU.Build.0 = Debug|Any CPU
		{12EEE90B-6212-47A4-B2D8-B2E703DF3CD7}.Release|Any CPU.ActiveCfg = Release|Any CPU
		{12EEE90B-6212-47A4-B2D8-B2E703DF3CD7}.Release|Any CPU.Build.0 = Release|Any CPU
		{E2989545-44EF-48EF-9C3D-BCEC3AEF16CE}.Debug|Any CPU.ActiveCfg = Debug|Any CPU
		{E2989545-44EF-48EF-9C3D-BCEC3AEF16CE}.Debug|Any CPU.Build.0 = Debug|Any CPU
		{E2989545-44EF-48EF-9C3D-BCEC3AEF16CE}.Release|Any CPU.ActiveCfg = Release|Any CPU
		{E2989545-44EF-48EF-9C3D-BCEC3AEF16CE}.Release|Any CPU.Build.0 = Release|Any CPU
	EndGlobalSection
	GlobalSection(SolutionProperties) = preSolution
		HideSolutionNode = FALSE
	EndGlobalSection
	GlobalSection(ExtensibilityGlobals) = postSolution
		SolutionGuid = {0B44DC9D-4159-4063-A176-BA86A5C902A4}
	EndGlobalSection
EndGlobal
